// !$*UTF8*$!
{
	archiveVersion = 1;
	classes = {
	};
	objectVersion = 46;
	objects = {

/* Begin PBXBuildFile section */
		18DE5EC3195DB791006E771A /* Foundation.framework in Frameworks */ = {isa = PBXBuildFile; fileRef = 18DE5EC2195DB791006E771A /* Foundation.framework */; };
		18DE5EC5195DB791006E771A /* CoreGraphics.framework in Frameworks */ = {isa = PBXBuildFile; fileRef = 18DE5EC4195DB791006E771A /* CoreGraphics.framework */; };
		18DE5EC7195DB791006E771A /* UIKit.framework in Frameworks */ = {isa = PBXBuildFile; fileRef = 18DE5EC6195DB791006E771A /* UIKit.framework */; };
		18DE5ECD195DB791006E771A /* InfoPlist.strings in Resources */ = {isa = PBXBuildFile; fileRef = 18DE5ECB195DB791006E771A /* InfoPlist.strings */; };
		18DE5ECF195DB791006E771A /* main.m in Sources */ = {isa = PBXBuildFile; fileRef = 18DE5ECE195DB791006E771A /* main.m */; };
		18DE5ED3195DB791006E771A /* NRAppDelegate.m in Sources */ = {isa = PBXBuildFile; fileRef = 18DE5ED2195DB791006E771A /* NRAppDelegate.m */; };
		18DE5ED5195DB791006E771A /* Images.xcassets in Resources */ = {isa = PBXBuildFile; fileRef = 18DE5ED4195DB791006E771A /* Images.xcassets */; };
		18DE5EDC195DB791006E771A /* XCTest.framework in Frameworks */ = {isa = PBXBuildFile; fileRef = 18DE5EDB195DB791006E771A /* XCTest.framework */; };
		18DE5EDD195DB791006E771A /* Foundation.framework in Frameworks */ = {isa = PBXBuildFile; fileRef = 18DE5EC2195DB791006E771A /* Foundation.framework */; };
		18DE5EDE195DB791006E771A /* UIKit.framework in Frameworks */ = {isa = PBXBuildFile; fileRef = 18DE5EC6195DB791006E771A /* UIKit.framework */; };
		18DE5EE6195DB791006E771A /* InfoPlist.strings in Resources */ = {isa = PBXBuildFile; fileRef = 18DE5EE4195DB791006E771A /* InfoPlist.strings */; };
		18DE5EE8195DB791006E771A /* Photo_BombersTests.m in Sources */ = {isa = PBXBuildFile; fileRef = 18DE5EE7195DB791006E771A /* Photo_BombersTests.m */; };
/* End PBXBuildFile section */

/* Begin PBXContainerItemProxy section */
		18DE5EDF195DB791006E771A /* PBXContainerItemProxy */ = {
			isa = PBXContainerItemProxy;
			containerPortal = 18DE5EB7195DB791006E771A /* Project object */;
			proxyType = 1;
			remoteGlobalIDString = 18DE5EBE195DB791006E771A;
			remoteInfo = "Photo Bombers";
		};
/* End PBXContainerItemProxy section */

/* Begin PBXFileReference section */
		18DE5EBF195DB791006E771A /* Photo Bombers.app */ = {isa = PBXFileReference; explicitFileType = wrapper.application; includeInIndex = 0; path = "Photo Bombers.app"; sourceTree = BUILT_PRODUCTS_DIR; };
		18DE5EC2195DB791006E771A /* Foundation.framework */ = {isa = PBXFileReference; lastKnownFileType = wrapper.framework; name = Foundation.framework; path = System/Library/Frameworks/Foundation.framework; sourceTree = SDKROOT; };
		18DE5EC4195DB791006E771A /* CoreGraphics.framework */ = {isa = PBXFileReference; lastKnownFileType = wrapper.framework; name = CoreGraphics.framework; path = System/Library/Frameworks/CoreGraphics.framework; sourceTree = SDKROOT; };
		18DE5EC6195DB791006E771A /* UIKit.framework */ = {isa = PBXFileReference; lastKnownFileType = wrapper.framework; name = UIKit.framework; path = System/Library/Frameworks/UIKit.framework; sourceTree = SDKROOT; };
		18DE5ECA195DB791006E771A /* Photo Bombers-Info.plist */ = {isa = PBXFileReference; lastKnownFileType = text.plist.xml; path = "Photo Bombers-Info.plist"; sourceTree = "<group>"; };
		18DE5ECC195DB791006E771A /* en */ = {isa = PBXFileReference; lastKnownFileType = text.plist.strings; name = en; path = en.lproj/InfoPlist.strings; sourceTree = "<group>"; };
		18DE5ECE195DB791006E771A /* main.m */ = {isa = PBXFileReference; lastKnownFileType = sourcecode.c.objc; path = main.m; sourceTree = "<group>"; };
		18DE5ED0195DB791006E771A /* Photo Bombers-Prefix.pch */ = {isa = PBXFileReference; lastKnownFileType = sourcecode.c.h; path = "Photo Bombers-Prefix.pch"; sourceTree = "<group>"; };
		18DE5ED1195DB791006E771A /* NRAppDelegate.h */ = {isa = PBXFileReference; lastKnownFileType = sourcecode.c.h; path = NRAppDelegate.h; sourceTree = "<group>"; };
		18DE5ED2195DB791006E771A /* NRAppDelegate.m */ = {isa = PBXFileReference; lastKnownFileType = sourcecode.c.objc; path = NRAppDelegate.m; sourceTree = "<group>"; };
		18DE5ED4195DB791006E771A /* Images.xcassets */ = {isa = PBXFileReference; lastKnownFileType = folder.assetcatalog; path = Images.xcassets; sourceTree = "<group>"; };
		18DE5EDA195DB791006E771A /* Photo BombersTests.xctest */ = {isa = PBXFileReference; explicitFileType = wrapper.cfbundle; includeInIndex = 0; path = "Photo BombersTests.xctest"; sourceTree = BUILT_PRODUCTS_DIR; };
		18DE5EDB195DB791006E771A /* XCTest.framework */ = {isa = PBXFileReference; lastKnownFileType = wrapper.framework; name = XCTest.framework; path = Library/Frameworks/XCTest.framework; sourceTree = DEVELOPER_DIR; };
		18DE5EE3195DB791006E771A /* Photo BombersTests-Info.plist */ = {isa = PBXFileReference; lastKnownFileType = text.plist.xml; path = "Photo BombersTests-Info.plist"; sourceTree = "<group>"; };
		18DE5EE5195DB791006E771A /* en */ = {isa = PBXFileReference; lastKnownFileType = text.plist.strings; name = en; path = en.lproj/InfoPlist.strings; sourceTree = "<group>"; };
		18DE5EE7195DB791006E771A /* Photo_BombersTests.m */ = {isa = PBXFileReference; lastKnownFileType = sourcecode.c.objc; path = Photo_BombersTests.m; sourceTree = "<group>"; };
/* End PBXFileReference section */

/* Begin PBXFrameworksBuildPhase section */
		18DE5EBC195DB791006E771A /* Frameworks */ = {
			isa = PBXFrameworksBuildPhase;
			buildActionMask = 2147483647;
			files = (
				18DE5EC5195DB791006E771A /* CoreGraphics.framework in Frameworks */,
				18DE5EC7195DB791006E771A /* UIKit.framework in Frameworks */,
				18DE5EC3195DB791006E771A /* Foundation.framework in Frameworks */,
			);
			runOnlyForDeploymentPostprocessing = 0;
		};
		18DE5ED7195DB791006E771A /* Frameworks */ = {
			isa = PBXFrameworksBuildPhase;
			buildActionMask = 2147483647;
			files = (
				18DE5EDC195DB791006E771A /* XCTest.framework in Frameworks */,
				18DE5EDE195DB791006E771A /* UIKit.framework in Frameworks */,
				18DE5EDD195DB791006E771A /* Foundation.framework in Frameworks */,
			);
			runOnlyForDeploymentPostprocessing = 0;
		};
/* End PBXFrameworksBuildPhase section */

/* Begin PBXGroup section */
		18DE5EB6195DB791006E771A = {
			isa = PBXGroup;
			children = (
				18DE5EC8195DB791006E771A /* Photo Bombers */,
				18DE5EE1195DB791006E771A /* Photo BombersTests */,
				18DE5EC1195DB791006E771A /* Frameworks */,
				18DE5EC0195DB791006E771A /* Products */,
			);
			sourceTree = "<group>";
		};
		18DE5EC0195DB791006E771A /* Products */ = {
			isa = PBXGroup;
			children = (
				18DE5EBF195DB791006E771A /* Photo Bombers.app */,
				18DE5EDA195DB791006E771A /* Photo BombersTests.xctest */,
			);
			name = Products;
			sourceTree = "<group>";
		};
		18DE5EC1195DB791006E771A /* Frameworks */ = {
			isa = PBXGroup;
			children = (
				18DE5EC2195DB791006E771A /* Foundation.framework */,
				18DE5EC4195DB791006E771A /* CoreGraphics.framework */,
				18DE5EC6195DB791006E771A /* UIKit.framework */,
				18DE5EDB195DB791006E771A /* XCTest.framework */,
			);
			name = Frameworks;
			sourceTree = "<group>";
		};
		18DE5EC8195DB791006E771A /* Photo Bombers */ = {
			isa = PBXGroup;
			children = (
				18DE5ED1195DB791006E771A /* NRAppDelegate.h */,
				18DE5ED2195DB791006E771A /* NRAppDelegate.m */,
				18DE5ED4195DB791006E771A /* Images.xcassets */,
				18DE5EC9195DB791006E771A /* Supporting Files */,
			);
			path = "Photo Bombers";
			sourceTree = "<group>";
		};
		18DE5EC9195DB791006E771A /* Supporting Files */ = {
			isa = PBXGroup;
			children = (
				18DE5ECA195DB791006E771A /* Photo Bombers-Info.plist */,
				18DE5ECB195DB791006E771A /* InfoPlist.strings */,
				18DE5ECE195DB791006E771A /* main.m */,
				18DE5ED0195DB791006E771A /* Photo Bombers-Prefix.pch */,
			);
			name = "Supporting Files";
			sourceTree = "<group>";
		};
		18DE5EE1195DB791006E771A /* Photo BombersTests */ = {
			isa = PBXGroup;
			children = (
				18DE5EE7195DB791006E771A /* Photo_BombersTests.m */,
				18DE5EE2195DB791006E771A /* Supporting Files */,
			);
			path = "Photo BombersTests";
			sourceTree = "<group>";
		};
		18DE5EE2195DB791006E771A /* Supporting Files */ = {
			isa = PBXGroup;
			children = (
				18DE5EE3195DB791006E771A /* Photo BombersTests-Info.plist */,
				18DE5EE4195DB791006E771A /* InfoPlist.strings */,
			);
			name = "Supporting Files";
			sourceTree = "<group>";
		};
/* End PBXGroup section */

/* Begin PBXNativeTarget section */
		18DE5EBE195DB791006E771A /* Photo Bombers */ = {
			isa = PBXNativeTarget;
			buildConfigurationList = 18DE5EEB195DB791006E771A /* Build configuration list for PBXNativeTarget "Photo Bombers" */;
			buildPhases = (
				18DE5EBB195DB791006E771A /* Sources */,
				18DE5EBC195DB791006E771A /* Frameworks */,
				18DE5EBD195DB791006E771A /* Resources */,
			);
			buildRules = (
			);
			dependencies = (
			);
			name = "Photo Bombers";
			productName = "Photo Bombers";
			productReference = 18DE5EBF195DB791006E771A /* Photo Bombers.app */;
			productType = "com.apple.product-type.application";
		};
		18DE5ED9195DB791006E771A /* Photo BombersTests */ = {
			isa = PBXNativeTarget;
			buildConfigurationList = 18DE5EEE195DB791006E771A /* Build configuration list for PBXNativeTarget "Photo BombersTests" */;
			buildPhases = (
				18DE5ED6195DB791006E771A /* Sources */,
				18DE5ED7195DB791006E771A /* Frameworks */,
				18DE5ED8195DB791006E771A /* Resources */,
			);
			buildRules = (
			);
			dependencies = (
				18DE5EE0195DB791006E771A /* PBXTargetDependency */,
			);
			name = "Photo BombersTests";
			productName = "Photo BombersTests";
			productReference = 18DE5EDA195DB791006E771A /* Photo BombersTests.xctest */;
			productType = "com.apple.product-type.bundle.unit-test";
		};
/* End PBXNativeTarget section */

/* Begin PBXProject section */
		18DE5EB7195DB791006E771A /* Project object */ = {
			isa = PBXProject;
			attributes = {
				CLASSPREFIX = NR;
				LastUpgradeCheck = 0510;
				ORGANIZATIONNAME = "Nick Ross";
				TargetAttributes = {
					18DE5ED9195DB791006E771A = {
						TestTargetID = 18DE5EBE195DB791006E771A;
					};
				};
			};
			buildConfigurationList = 18DE5EBA195DB791006E771A /* Build configuration list for PBXProject "Photo Bombers" */;
			compatibilityVersion = "Xcode 3.2";
			developmentRegion = English;
			hasScannedForEncodings = 0;
			knownRegions = (
				en,
			);
			mainGroup = 18DE5EB6195DB791006E771A;
			productRefGroup = 18DE5EC0195DB791006E771A /* Products */;
			projectDirPath = "";
			projectRoot = "";
			targets = (
				18DE5EBE195DB791006E771A /* Photo Bombers */,
				18DE5ED9195DB791006E771A /* Photo BombersTests */,
			);
		};
/* End PBXProject section */

/* Begin PBXResourcesBuildPhase section */
		18DE5EBD195DB791006E771A /* Resources */ = {
			isa = PBXResourcesBuildPhase;
			buildActionMask = 2147483647;
			files = (
				18DE5ECD195DB791006E771A /* InfoPlist.strings in Resources */,
				18DE5ED5195DB791006E771A /* Images.xcassets in Resources */,
			);
			runOnlyForDeploymentPostprocessing = 0;
		};
		18DE5ED8195DB791006E771A /* Resources */ = {
			isa = PBXResourcesBuildPhase;
			buildActionMask = 2147483647;
			files = (
				18DE5EE6195DB791006E771A /* InfoPlist.strings in Resources */,
			);
			runOnlyForDeploymentPostprocessing = 0;
		};
/* End PBXResourcesBuildPhase section */

/* Begin PBXSourcesBuildPhase section */
		18DE5EBB195DB791006E771A /* Sources */ = {
			isa = PBXSourcesBuildPhase;
			buildActionMask = 2147483647;
			files = (
				18DE5ED3195DB791006E771A /* NRAppDelegate.m in Sources */,
				18DE5ECF195DB791006E771A /* main.m in Sources */,
			);
			runOnlyForDeploymentPostprocessing = 0;
		};
		18DE5ED6195DB791006E771A /* Sources */ = {
			isa = PBXSourcesBuildPhase;
			buildActionMask = 2147483647;
			files = (
				18DE5EE8195DB791006E771A /* Photo_BombersTests.m in Sources */,
			);
			runOnlyForDeploymentPostprocessing = 0;
		};
/* End PBXSourcesBuildPhase section */

/* Begin PBXTargetDependency section */
		18DE5EE0195DB791006E771A /* PBXTargetDependency */ = {
			isa = PBXTargetDependency;
			target = 18DE5EBE195DB791006E771A /* Photo Bombers */;
			targetProxy = 18DE5EDF195DB791006E771A /* PBXContainerItemProxy */;
		};
/* End PBXTargetDependency section */

/* Begin PBXVariantGroup section */
		18DE5ECB195DB791006E771A /* InfoPlist.strings */ = {
			isa = PBXVariantGroup;
			children = (
				18DE5ECC195DB791006E771A /* en */,
			);
			name = InfoPlist.strings;
			sourceTree = "<group>";
		};
		18DE5EE4195DB791006E771A /* InfoPlist.strings */ = {
			isa = PBXVariantGroup;
			children = (
				18DE5EE5195DB791006E771A /* en */,
			);
			name = InfoPlist.strings;
			sourceTree = "<group>";
		};
/* End PBXVariantGroup section */

/* Begin XCBuildConfiguration section */
		18DE5EE9195DB791006E771A /* Debug */ = {
			isa = XCBuildConfiguration;
			buildSettings = {
				ALWAYS_SEARCH_USER_PATHS = NO;
				CLANG_CXX_LANGUAGE_STANDARD = "gnu++0x";
				CLANG_CXX_LIBRARY = "libc++";
				CLANG_ENABLE_MODULES = YES;
				CLANG_ENABLE_OBJC_ARC = YES;
				CLANG_WARN_BOOL_CONVERSION = YES;
				CLANG_WARN_CONSTANT_CONVERSION = YES;
				CLANG_WARN_DIRECT_OBJC_ISA_USAGE = YES_ERROR;
				CLANG_WARN_EMPTY_BODY = YES;
				CLANG_WARN_ENUM_CONVERSION = YES;
				CLANG_WARN_INT_CONVERSION = YES;
				CLANG_WARN_OBJC_ROOT_CLASS = YES_ERROR;
				CLANG_WARN__DUPLICATE_METHOD_MATCH = YES;
				"CODE_SIGN_IDENTITY[sdk=iphoneos*]" = "iPhone Developer";
				COPY_PHASE_STRIP = NO;
				GCC_C_LANGUAGE_STANDARD = gnu99;
				GCC_DYNAMIC_NO_PIC = NO;
				GCC_OPTIMIZATION_LEVEL = 0;
				GCC_PREPROCESSOR_DEFINITIONS = (
					"DEBUG=1",
					"$(inherited)",
				);
				GCC_SYMBOLS_PRIVATE_EXTERN = NO;
				GCC_WARN_64_TO_32_BIT_CONVERSION = YES;
				GCC_WARN_ABOUT_RETURN_TYPE = YES_ERROR;
				GCC_WARN_UNDECLARED_SELECTOR = YES;
				GCC_WARN_UNINITIALIZED_AUTOS = YES_AGGRESSIVE;
				GCC_WARN_UNUSED_FUNCTION = YES;
				GCC_WARN_UNUSED_VARIABLE = YES;
				IPHONEOS_DEPLOYMENT_TARGET = 7.1;
				ONLY_ACTIVE_ARCH = YES;
				SDKROOT = iphoneos;
			};
			name = Debug;
		};
		18DE5EEA195DB791006E771A /* Release */ = {
			isa = XCBuildConfiguration;
			buildSettings = {
				ALWAYS_SEARCH_USER_PATHS = NO;
				CLANG_CXX_LANGUAGE_STANDARD = "gnu++0x";
				CLANG_CXX_LIBRARY = "libc++";
				CLANG_ENABLE_MODULES = YES;
				CLANG_ENABLE_OBJC_ARC = YES;
				CLANG_WARN_BOOL_CONVERSION = YES;
				CLANG_WARN_CONSTANT_CONVERSION = YES;
				CLANG_WARN_DIRECT_OBJC_ISA_USAGE = YES_ERROR;
				CLANG_WARN_EMPTY_BODY = YES;
				CLANG_WARN_ENUM_CONVERSION = YES;
				CLANG_WARN_INT_CONVERSION = YES;
				CLANG_WARN_OBJC_ROOT_CLASS = YES_ERROR;
				CLANG_WARN__DUPLICATE_METHOD_MATCH = YES;
				"CODE_SIGN_IDENTITY[sdk=iphoneos*]" = "iPhone Developer";
				COPY_PHASE_STRIP = YES;
				ENABLE_NS_ASSERTIONS = NO;
				GCC_C_LANGUAGE_STANDARD = gnu99;
				GCC_WARN_64_TO_32_BIT_CONVERSION = YES;
				GCC_WARN_ABOUT_RETURN_TYPE = YES_ERROR;
				GCC_WARN_UNDECLARED_SELECTOR = YES;
				GCC_WARN_UNINITIALIZED_AUTOS = YES_AGGRESSIVE;
				GCC_WARN_UNUSED_FUNCTION = YES;
				GCC_WARN_UNUSED_VARIABLE = YES;
				IPHONEOS_DEPLOYMENT_TARGET = 7.1;
				SDKROOT = iphoneos;
				VALIDATE_PRODUCT = YES;
			};
			name = Release;
		};
		18DE5EEC195DB791006E771A /* Debug */ = {
			isa = XCBuildConfiguration;
			buildSettings = {
				ASSETCATALOG_COMPILER_APPICON_NAME = AppIcon;
				ASSETCATALOG_COMPILER_LAUNCHIMAGE_NAME = LaunchImage;
				GCC_PRECOMPILE_PREFIX_HEADER = YES;
				GCC_PREFIX_HEADER = "Photo Bombers/Photo Bombers-Prefix.pch";
				INFOPLIST_FILE = "Photo Bombers/Photo Bombers-Info.plist";
				PRODUCT_NAME = "$(TARGET_NAME)";
				WRAPPER_EXTENSION = app;
			};
			name = Debug;
		};
		18DE5EED195DB791006E771A /* Release */ = {
			isa = XCBuildConfiguration;
			buildSettings = {
				ASSETCATALOG_COMPILER_APPICON_NAME = AppIcon;
				ASSETCATALOG_COMPILER_LAUNCHIMAGE_NAME = LaunchImage;
				GCC_PRECOMPILE_PREFIX_HEADER = YES;
				GCC_PREFIX_HEADER = "Photo Bombers/Photo Bombers-Prefix.pch";
				INFOPLIST_FILE = "Photo Bombers/Photo Bombers-Info.plist";
				PRODUCT_NAME = "$(TARGET_NAME)";
				WRAPPER_EXTENSION = app;
			};
			name = Release;
		};
		18DE5EEF195DB791006E771A /* Debug */ = {
			isa = XCBuildConfiguration;
			buildSettings = {
				BUNDLE_LOADER = "$(BUILT_PRODUCTS_DIR)/Photo Bombers.app/Photo Bombers";
				FRAMEWORK_SEARCH_PATHS = (
					"$(SDKROOT)/Developer/Library/Frameworks",
					"$(inherited)",
					"$(DEVELOPER_FRAMEWORKS_DIR)",
				);
				GCC_PRECOMPILE_PREFIX_HEADER = YES;
				GCC_PREFIX_HEADER = "Photo Bombers/Photo Bombers-Prefix.pch";
				GCC_PREPROCESSOR_DEFINITIONS = (
					"DEBUG=1",
					"$(inherited)",
				);
				INFOPLIST_FILE = "Photo BombersTests/Photo BombersTests-Info.plist";
				PRODUCT_NAME = "$(TARGET_NAME)";
				TEST_HOST = "$(BUNDLE_LOADER)";
				WRAPPER_EXTENSION = xctest;
			};
			name = Debug;
		};
		18DE5EF0195DB791006E771A /* Release */ = {
			isa = XCBuildConfiguration;
			buildSettings = {
				BUNDLE_LOADER = "$(BUILT_PRODUCTS_DIR)/Photo Bombers.app/Photo Bombers";
				FRAMEWORK_SEARCH_PATHS = (
					"$(SDKROOT)/Developer/Library/Frameworks",
					"$(inherited)",
					"$(DEVELOPER_FRAMEWORKS_DIR)",
				);
				GCC_PRECOMPILE_PREFIX_HEADER = YES;
				GCC_PREFIX_HEADER = "Photo Bombers/Photo Bombers-Prefix.pch";
				INFOPLIST_FILE = "Photo BombersTests/Photo BombersTests-Info.plist";
				PRODUCT_NAME = "$(TARGET_NAME)";
				TEST_HOST = "$(BUNDLE_LOADER)";
				WRAPPER_EXTENSION = xctest;
			};
			name = Release;
		};
/* End XCBuildConfiguration section */

/* Begin XCConfigurationList section */
		18DE5EBA195DB791006E771A /* Build configuration list for PBXProject "Photo Bombers" */ = {
			isa = XCConfigurationList;
			buildConfigurations = (
				18DE5EE9195DB791006E771A /* Debug */,
				18DE5EEA195DB791006E771A /* Release */,
			);
			defaultConfigurationIsVisible = 0;
			defaultConfigurationName = Release;
		};
		18DE5EEB195DB791006E771A /* Build configuration list for PBXNativeTarget "Photo Bombers" */ = {
			isa = XCConfigurationList;
			buildConfigurations = (
				18DE5EEC195DB791006E771A /* Debug */,
				18DE5EED195DB791006E771A /* Release */,
			);
			defaultConfigurationIsVisible = 0;
		};
		18DE5EEE195DB791006E771A /* Build configuration list for PBXNativeTarget "Photo BombersTests" */ = {
			isa = XCConfigurationList;
			buildConfigurations = (
				18DE5EEF195DB791006E771A /* Debug */,
				18DE5EF0195DB791006E771A /* Release */,
			);
			defaultConfigurationIsVisible = 0;
		};
/* End XCConfigurationList section */
	};
	rootObject = 18DE5EB7195DB791006E771A /* Project object */;
}
